
Microsoft Visual Studio Solution File, Format Version 12.00
# Visual Studio 14
VisualStudioVersion = 14.0.25420.1
MinimumVisualStudioVersion = 10.0.40219.1
Project("{2150E333-8FDC-42A3-9474-1A3956D46DE8}") = "NVSComponents", "NVSComponents", "{E58E54C5-5A8F-41C0-A009-BC6A18DFD617}"
EndProject
Project("{2150E333-8FDC-42A3-9474-1A3956D46DE8}") = "UserDomain", "UserDomain", "{6129191E-EAA3-4332-867C-30E83DBE077A}"
EndProject
Project("{2150E333-8FDC-42A3-9474-1A3956D46DE8}") = "UserInterface", "UserInterface", "{5FBC6C45-EA5A-4AF9-A8FC-AD656ED457CA}"
EndProject
Project("{FAE04EC0-301F-11D3-BF4B-00C04F79EFBC}") = "MVCWebUIComponent", "NVSComponents\MVCWebUIComponent\MVCWebUIComponent.csproj", "{22E19B8C-5869-4276-AD0D-98A1E1D8709D}"
EndProject
Project("{FAE04EC0-301F-11D3-BF4B-00C04F79EFBC}") = "UserDomain.Infrastructure", "NVSComponents\UserDomain\Infrastructure\UserDomain.Infrastructure.csproj", "{FDB90DDE-BE58-405F-8C5C-8688E5CFF059}"
EndProject
Project("{FAE04EC0-301F-11D3-BF4B-00C04F79EFBC}") = "UserDomain.Model", "NVSComponents\UserDomain\Model\UserDomain.Model.csproj", "{F34F0921-7B84-4C0F-958C-DC4F75A2C376}"
EndProject
Project("{FAE04EC0-301F-11D3-BF4B-00C04F79EFBC}") = "UserDomain.Services", "NVSComponents\UserDomain\Services\UserDomain.Services.csproj", "{17E639BA-0C74-427E-837C-8AAE6E5033BE}"
EndProject
Project("{2150E333-8FDC-42A3-9474-1A3956D46DE8}") = "UtilityComponent", "UtilityComponent", "{4CB41C35-727E-4127-B66F-9D243419239F}"
EndProject
Project("{FAE04EC0-301F-11D3-BF4B-00C04F79EFBC}") = "IntegrationUtility", "NVSComponents\UtilityComponent\IntegrationUtility\IntegrationUtility.csproj", "{8487DC49-6783-426E-8490-E3C76E0CC236}"
EndProject
Project("{2150E333-8FDC-42A3-9474-1A3956D46DE8}") = "POLineDomain", "POLineDomain", "{1DE8F99D-D612-4DB9-9D97-538E258F23D4}"
EndProject
Project("{FAE04EC0-301F-11D3-BF4B-00C04F79EFBC}") = "POLineDomain.Infrastructure", "NVSComponents\POLineDomain\Infrastructure\POLineDomain.Infrastructure.csproj", "{0F8A5FCD-BCCD-43AF-B784-EB03E35E3EE2}"
EndProject
Project("{FAE04EC0-301F-11D3-BF4B-00C04F79EFBC}") = "POLineDomain.Model", "NVSComponents\POLineDomain\Model\POLineDomain.Model.csproj", "{62EE3090-F3BF-401A-B5B1-9D48C8E9058B}"
EndProject
Project("{FAE04EC0-301F-11D3-BF4B-00C04F79EFBC}") = "POLineDomain.Services", "NVSComponents\POLineDomain\Services\POLineDomain.Services.csproj", "{52742F3F-3B12-4071-A964-37E74D90A411}"
EndProject
Global
	GlobalSection(SolutionConfigurationPlatforms) = preSolution
		Debug|Any CPU = Debug|Any CPU
		Debug|x64 = Debug|x64
		Debug|x86 = Debug|x86
		Release|Any CPU = Release|Any CPU
		Release|x64 = Release|x64
		Release|x86 = Release|x86
	EndGlobalSection
	GlobalSection(ProjectConfigurationPlatforms) = postSolution
		{22E19B8C-5869-4276-AD0D-98A1E1D8709D}.Debug|Any CPU.ActiveCfg = Debug|Any CPU
		{22E19B8C-5869-4276-AD0D-98A1E1D8709D}.Debug|Any CPU.Build.0 = Debug|Any CPU
		{22E19B8C-5869-4276-AD0D-98A1E1D8709D}.Debug|x64.ActiveCfg = Debug|Any CPU
		{22E19B8C-5869-4276-AD0D-98A1E1D8709D}.Debug|x64.Build.0 = Debug|Any CPU
		{22E19B8C-5869-4276-AD0D-98A1E1D8709D}.Debug|x86.ActiveCfg = Debug|Any CPU
		{22E19B8C-5869-4276-AD0D-98A1E1D8709D}.Debug|x86.Build.0 = Debug|Any CPU
		{22E19B8C-5869-4276-AD0D-98A1E1D8709D}.Release|Any CPU.ActiveCfg = Release|Any CPU
		{22E19B8C-5869-4276-AD0D-98A1E1D8709D}.Release|Any CPU.Build.0 = Release|Any CPU
		{22E19B8C-5869-4276-AD0D-98A1E1D8709D}.Release|x64.ActiveCfg = Release|Any CPU
		{22E19B8C-5869-4276-AD0D-98A1E1D8709D}.Release|x64.Build.0 = Release|Any CPU
		{22E19B8C-5869-4276-AD0D-98A1E1D8709D}.Release|x86.ActiveCfg = Release|Any CPU
		{22E19B8C-5869-4276-AD0D-98A1E1D8709D}.Release|x86.Build.0 = Release|Any CPU
		{FDB90DDE-BE58-405F-8C5C-8688E5CFF059}.Debug|Any CPU.ActiveCfg = Debug|Any CPU
		{FDB90DDE-BE58-405F-8C5C-8688E5CFF059}.Debug|Any CPU.Build.0 = Debug|Any CPU
		{FDB90DDE-BE58-405F-8C5C-8688E5CFF059}.Debug|x64.ActiveCfg = Debug|Any CPU
		{FDB90DDE-BE58-405F-8C5C-8688E5CFF059}.Debug|x64.Build.0 = Debug|Any CPU
		{FDB90DDE-BE58-405F-8C5C-8688E5CFF059}.Debug|x86.ActiveCfg = Debug|Any CPU
		{FDB90DDE-BE58-405F-8C5C-8688E5CFF059}.Debug|x86.Build.0 = Debug|Any CPU
		{FDB90DDE-BE58-405F-8C5C-8688E5CFF059}.Release|Any CPU.ActiveCfg = Release|Any CPU
		{FDB90DDE-BE58-405F-8C5C-8688E5CFF059}.Release|Any CPU.Build.0 = Release|Any CPU
		{FDB90DDE-BE58-405F-8C5C-8688E5CFF059}.Release|x64.ActiveCfg = Release|Any CPU
		{FDB90DDE-BE58-405F-8C5C-8688E5CFF059}.Release|x64.Build.0 = Release|Any CPU
		{FDB90DDE-BE58-405F-8C5C-8688E5CFF059}.Release|x86.ActiveCfg = Release|Any CPU
		{FDB90DDE-BE58-405F-8C5C-8688E5CFF059}.Release|x86.Build.0 = Release|Any CPU
		{F34F0921-7B84-4C0F-958C-DC4F75A2C376}.Debug|Any CPU.ActiveCfg = Debug|Any CPU
		{F34F0921-7B84-4C0F-958C-DC4F75A2C376}.Debug|Any CPU.Build.0 = Debug|Any CPU
		{F34F0921-7B84-4C0F-958C-DC4F75A2C376}.Debug|x64.ActiveCfg = Debug|Any CPU
		{F34F0921-7B84-4C0F-958C-DC4F75A2C376}.Debug|x64.Build.0 = Debug|Any CPU
		{F34F0921-7B84-4C0F-958C-DC4F75A2C376}.Debug|x86.ActiveCfg = Debug|Any CPU
		{F34F0921-7B84-4C0F-958C-DC4F75A2C376}.Debug|x86.Build.0 = Debug|Any CPU
		{F34F0921-7B84-4C0F-958C-DC4F75A2C376}.Release|Any CPU.ActiveCfg = Release|Any CPU
		{F34F0921-7B84-4C0F-958C-DC4F75A2C376}.Release|Any CPU.Build.0 = Release|Any CPU
		{F34F0921-7B84-4C0F-958C-DC4F75A2C376}.Release|x64.ActiveCfg = Release|Any CPU
		{F34F0921-7B84-4C0F-958C-DC4F75A2C376}.Release|x64.Build.0 = Release|Any CPU
		{F34F0921-7B84-4C0F-958C-DC4F75A2C376}.Release|x86.ActiveCfg = Release|Any CPU
		{F34F0921-7B84-4C0F-958C-DC4F75A2C376}.Release|x86.Build.0 = Release|Any CPU
		{17E639BA-0C74-427E-837C-8AAE6E5033BE}.Debug|Any CPU.ActiveCfg = Debug|Any CPU
		{17E639BA-0C74-427E-837C-8AAE6E5033BE}.Debug|Any CPU.Build.0 = Debug|Any CPU
		{17E639BA-0C74-427E-837C-8AAE6E5033BE}.Debug|x64.ActiveCfg = Debug|Any CPU
		{17E639BA-0C74-427E-837C-8AAE6E5033BE}.Debug|x64.Build.0 = Debug|Any CPU
		{17E639BA-0C74-427E-837C-8AAE6E5033BE}.Debug|x86.ActiveCfg = Debug|Any CPU
		{17E639BA-0C74-427E-837C-8AAE6E5033BE}.Debug|x86.Build.0 = Debug|Any CPU
		{17E639BA-0C74-427E-837C-8AAE6E5033BE}.Release|Any CPU.ActiveCfg = Release|Any CPU
		{17E639BA-0C74-427E-837C-8AAE6E5033BE}.Release|Any CPU.Build.0 = Release|Any CPU
		{17E639BA-0C74-427E-837C-8AAE6E5033BE}.Release|x64.ActiveCfg = Release|Any CPU
		{17E639BA-0C74-427E-837C-8AAE6E5033BE}.Release|x64.Build.0 = Release|Any CPU
		{17E639BA-0C74-427E-837C-8AAE6E5033BE}.Release|x86.ActiveCfg = Release|Any CPU
		{17E639BA-0C74-427E-837C-8AAE6E5033BE}.Release|x86.Build.0 = Release|Any CPU
		{8487DC49-6783-426E-8490-E3C76E0CC236}.Debug|Any CPU.ActiveCfg = Debug|Any CPU
		{8487DC49-6783-426E-8490-E3C76E0CC236}.Debug|Any CPU.Build.0 = Debug|Any CPU
		{8487DC49-6783-426E-8490-E3C76E0CC236}.Debug|x64.ActiveCfg = Debug|Any CPU
		{8487DC49-6783-426E-8490-E3C76E0CC236}.Debug|x64.Build.0 = Debug|Any CPU
		{8487DC49-6783-426E-8490-E3C76E0CC236}.Debug|x86.ActiveCfg = Debug|Any CPU
		{8487DC49-6783-426E-8490-E3C76E0CC236}.Debug|x86.Build.0 = Debug|Any CPU
		{8487DC49-6783-426E-8490-E3C76E0CC236}.Release|Any CPU.ActiveCfg = Release|Any CPU
		{8487DC49-6783-426E-8490-E3C76E0CC236}.Release|Any CPU.Build.0 = Release|Any CPU
		{8487DC49-6783-426E-8490-E3C76E0CC236}.Release|x64.ActiveCfg = Release|Any CPU
		{8487DC49-6783-426E-8490-E3C76E0CC236}.Release|x64.Build.0 = Release|Any CPU
		{8487DC49-6783-426E-8490-E3C76E0CC236}.Release|x86.ActiveCfg = Release|Any CPU
		{8487DC49-6783-426E-8490-E3C76E0CC236}.Release|x86.Build.0 = Release|Any CPU
		{0F8A5FCD-BCCD-43AF-B784-EB03E35E3EE2}.Debug|Any CPU.ActiveCfg = Debug|Any CPU
		{0F8A5FCD-BCCD-43AF-B784-EB03E35E3EE2}.Debug|Any CPU.Build.0 = Debug|Any CPU
		{0F8A5FCD-BCCD-43AF-B784-EB03E35E3EE2}.Debug|x64.ActiveCfg = Debug|Any CPU
		{0F8A5FCD-BCCD-43AF-B784-EB03E35E3EE2}.Debug|x64.Build.0 = Debug|Any CPU
		{0F8A5FCD-BCCD-43AF-B784-EB03E35E3EE2}.Debug|x86.ActiveCfg = Debug|Any CPU
		{0F8A5FCD-BCCD-43AF-B784-EB03E35E3EE2}.Debug|x86.Build.0 = Debug|Any CPU
		{0F8A5FCD-BCCD-43AF-B784-EB03E35E3EE2}.Release|Any CPU.ActiveCfg = Release|Any CPU
		{0F8A5FCD-BCCD-43AF-B784-EB03E35E3EE2}.Release|Any CPU.Build.0 = Release|Any CPU
		{0F8A5FCD-BCCD-43AF-B784-EB03E35E3EE2}.Release|x64.ActiveCfg = Release|Any CPU
		{0F8A5FCD-BCCD-43AF-B784-EB03E35E3EE2}.Release|x64.Build.0 = Release|Any CPU
		{0F8A5FCD-BCCD-43AF-B784-EB03E35E3EE2}.Release|x86.ActiveCfg = Release|Any CPU
		{0F8A5FCD-BCCD-43AF-B784-EB03E35E3EE2}.Release|x86.Build.0 = Release|Any CPU
		{62EE3090-F3BF-401A-B5B1-9D48C8E9058B}.Debug|Any CPU.ActiveCfg = Debug|Any CPU
		{62EE3090-F3BF-401A-B5B1-9D48C8E9058B}.Debug|Any CPU.Build.0 = Debug|Any CPU
		{62EE3090-F3BF-401A-B5B1-9D48C8E9058B}.Debug|x64.ActiveCfg = Debug|Any CPU
		{62EE3090-F3BF-401A-B5B1-9D48C8E9058B}.Debug|x64.Build.0 = Debug|Any CPU
		{62EE3090-F3BF-401A-B5B1-9D48C8E9058B}.Debug|x86.ActiveCfg = Debug|Any CPU
		{62EE3090-F3BF-401A-B5B1-9D48C8E9058B}.Debug|x86.Build.0 = Debug|Any CPU
		{62EE3090-F3BF-401A-B5B1-9D48C8E9058B}.Release|Any CPU.ActiveCfg = Release|Any CPU
		{62EE3090-F3BF-401A-B5B1-9D48C8E9058B}.Release|Any CPU.Build.0 = Release|Any CPU
		{62EE3090-F3BF-401A-B5B1-9D48C8E9058B}.Release|x64.ActiveCfg = Release|Any CPU
		{62EE3090-F3BF-401A-B5B1-9D48C8E9058B}.Release|x64.Build.0 = Release|Any CPU
		{62EE3090-F3BF-401A-B5B1-9D48C8E9058B}.Release|x86.ActiveCfg = Release|Any CPU
		{62EE3090-F3BF-401A-B5B1-9D48C8E9058B}.Release|x86.Build.0 = Release|Any CPU
		{52742F3F-3B12-4071-A964-37E74D90A411}.Debug|Any CPU.ActiveCfg = Debug|Any CPU
		{52742F3F-3B12-4071-A964-37E74D90A411}.Debug|Any CPU.Build.0 = Debug|Any CPU
		{52742F3F-3B12-4071-A964-37E74D90A411}.Debug|x64.ActiveCfg = Debug|Any CPU
		{52742F3F-3B12-4071-A964-37E74D90A411}.Debug|x64.Build.0 = Debug|Any CPU
		{52742F3F-3B12-4071-A964-37E74D90A411}.Debug|x86.ActiveCfg = Debug|Any CPU
		{52742F3F-3B12-4071-A964-37E74D90A411}.Debug|x86.Build.0 = Debug|Any CPU
		{52742F3F-3B12-4071-A964-37E74D90A411}.Release|Any CPU.ActiveCfg = Release|Any CPU
		{52742F3F-3B12-4071-A964-37E74D90A411}.Release|Any CPU.Build.0 = Release|Any CPU
		{52742F3F-3B12-4071-A964-37E74D90A411}.Release|x64.ActiveCfg = Release|Any CPU
		{52742F3F-3B12-4071-A964-37E74D90A411}.Release|x64.Build.0 = Release|Any CPU
		{52742F3F-3B12-4071-A964-37E74D90A411}.Release|x86.ActiveCfg = Release|Any CPU
		{52742F3F-3B12-4071-A964-37E74D90A411}.Release|x86.Build.0 = Release|Any CPU
	EndGlobalSection
	GlobalSection(SolutionProperties) = preSolution
		HideSolutionNode = FALSE
	EndGlobalSection
	GlobalSection(NestedProjects) = preSolution
		{6129191E-EAA3-4332-867C-30E83DBE077A} = {E58E54C5-5A8F-41C0-A009-BC6A18DFD617}
		{5FBC6C45-EA5A-4AF9-A8FC-AD656ED457CA} = {E58E54C5-5A8F-41C0-A009-BC6A18DFD617}
		{22E19B8C-5869-4276-AD0D-98A1E1D8709D} = {5FBC6C45-EA5A-4AF9-A8FC-AD656ED457CA}
		{FDB90DDE-BE58-405F-8C5C-8688E5CFF059} = {6129191E-EAA3-4332-867C-30E83DBE077A}
		{F34F0921-7B84-4C0F-958C-DC4F75A2C376} = {6129191E-EAA3-4332-867C-30E83DBE077A}
		{17E639BA-0C74-427E-837C-8AAE6E5033BE} = {6129191E-EAA3-4332-867C-30E83DBE077A}
		{4CB41C35-727E-4127-B66F-9D243419239F} = {E58E54C5-5A8F-41C0-A009-BC6A18DFD617}
		{8487DC49-6783-426E-8490-E3C76E0CC236} = {4CB41C35-727E-4127-B66F-9D243419239F}
		{1DE8F99D-D612-4DB9-9D97-538E258F23D4} = {E58E54C5-5A8F-41C0-A009-BC6A18DFD617}
		{0F8A5FCD-BCCD-43AF-B784-EB03E35E3EE2} = {1DE8F99D-D612-4DB9-9D97-538E258F23D4}
		{62EE3090-F3BF-401A-B5B1-9D48C8E9058B} = {1DE8F99D-D612-4DB9-9D97-538E258F23D4}
		{52742F3F-3B12-4071-A964-37E74D90A411} = {1DE8F99D-D612-4DB9-9D97-538E258F23D4}
	EndGlobalSection
	GlobalSection(ExtensibilityGlobals) = postSolution
		EnterpriseLibraryConfigurationToolBinariesPath = packages\EnterpriseLibrary.PolicyInjection.5.0.505.0\lib\NET35;packages\EntLibContrib.PolicyInjection.5.0.505.0\lib\NET35
		EnterpriseLibraryConfigurationToolBinariesPathV6 = packages\EnterpriseLibrary.Common.6.0.1304.0\lib\NET45;packages\EnterpriseLibrary.Validation.6.0.1304.0\lib\NET45;packages\EnterpriseLibrary.PolicyInjection.6.0.1304.0\lib\NET45
	EndGlobalSection
	GlobalSection(TeamFoundationVersionControl) = preSolution
		SccNumberOfProjects = 8
		SccEnterpriseProvider = {4CA58AB2-18FA-4F8D-95D4-32DDF27D184C}
		SccTeamFoundationServer = http://tfs.it.volvo.net:8080/tfs/global3
		SccProjectUniqueName0 = NVSComponents\\MVCWebUIComponent\\MVCWebUIComponent.csproj
		SccProjectTopLevelParentUniqueName0 = VolvoLAT.sln
		SccProjectName0 = NVSComponents/MVCWebUIComponent
		SccAuxPath0 = http://tfs.it.volvo.net:8080/tfs/global3
		SccLocalPath0 = NVSComponents\\MVCWebUIComponent
		SccProvider0 = {4CA58AB2-18FA-4F8D-95D4-32DDF27D184C}
		SccProjectUniqueName1 = NVSComponents\\UserDomain\\Infrastructure\\UserDomain.Infrastructure.csproj
		SccProjectTopLevelParentUniqueName1 = VolvoLAT.sln
		SccProjectName1 = NVSComponents/UserDomain/Infrastructure
		SccAuxPath1 = http://tfs.it.volvo.net:8080/tfs/global3
		SccLocalPath1 = NVSComponents\\UserDomain\\Infrastructure
		SccProvider1 = {4CA58AB2-18FA-4F8D-95D4-32DDF27D184C}
		SccProjectUniqueName2 = NVSComponents\\UserDomain\\Model\\UserDomain.Model.csproj
		SccProjectTopLevelParentUniqueName2 = VolvoLAT.sln
		SccProjectName2 = NVSComponents/UserDomain/Model
		SccAuxPath2 = http://tfs.it.volvo.net:8080/tfs/global3
		SccLocalPath2 = NVSComponents\\UserDomain\\Model
		SccProvider2 = {4CA58AB2-18FA-4F8D-95D4-32DDF27D184C}
		SccProjectUniqueName3 = NVSComponents\\UserDomain\\Services\\UserDomain.Services.csproj
		SccProjectTopLevelParentUniqueName3 = VolvoLAT.sln
		SccProjectName3 = NVSComponents/UserDomain/Services
		SccAuxPath3 = http://tfs.it.volvo.net:8080/tfs/global3
		SccLocalPath3 = NVSComponents\\UserDomain\\Services
		SccProvider3 = {4CA58AB2-18FA-4F8D-95D4-32DDF27D184C}
		SccProjectUniqueName4 = NVSComponents\\UtilityComponent\\IntegrationUtility\\IntegrationUtility.csproj
		SccProjectTopLevelParentUniqueName4 = VolvoLAT.sln
		SccProjectName4 = NVSComponents/UtilityComponent/IntegrationUtility
		SccAuxPath4 = http://tfs.it.volvo.net:8080/tfs/global3
		SccLocalPath4 = NVSComponents\\UtilityComponent\\IntegrationUtility
		SccProvider4 = {4CA58AB2-18FA-4F8D-95D4-32DDF27D184C}
		SccProjectUniqueName5 = NVSComponents\\POLineDomain\\Infrastructure\\POLineDomain.Infrastructure.csproj
		SccProjectTopLevelParentUniqueName5 = VolvoLAT.sln
		SccProjectName5 = NVSComponents/POLineDomain/Infrastructure
		SccAuxPath5 = http://tfs.it.volvo.net:8080/tfs/global3
		SccLocalPath5 = NVSComponents\\POLineDomain\\Infrastructure
		SccProvider5 = {4CA58AB2-18FA-4F8D-95D4-32DDF27D184C}
		SccProjectUniqueName6 = NVSComponents\\POLineDomain\\Services\\POLineDomain.Services.csproj
		SccProjectTopLevelParentUniqueName6 = VolvoLAT.sln
		SccProjectName6 = NVSComponents/POLineDomain/Services
		SccAuxPath6 = http://tfs.it.volvo.net:8080/tfs/global3
		SccLocalPath6 = NVSComponents\\POLineDomain\\Services
		SccProvider6 = {4CA58AB2-18FA-4F8D-95D4-32DDF27D184C}
		SccProjectUniqueName7 = NVSComponents\\POLineDomain\\Model\\POLineDomain.Model.csproj
		SccProjectTopLevelParentUniqueName7 = VolvoLAT.sln
		SccProjectName7 = NVSComponents/POLineDomain/Model
		SccAuxPath7 = http://tfs.it.volvo.net:8080/tfs/global3
		SccLocalPath7 = NVSComponents\\POLineDomain\\Model
		SccProvider7 = {4CA58AB2-18FA-4F8D-95D4-32DDF27D184C}
	EndGlobalSection
	GlobalSection(TestCaseManagementSettings) = postSolution
		CategoryFile = POSDatabase.vsmdi
	EndGlobalSection
EndGlobal
